[[package]]
name = "numpy"
version = "1.25.0"
description = "Fundamental package for array computing in Python"
category = "main"
optional = false
python-versions = ">=3.9"

[metadata]
lock-version = "1.1"
python-versions = "^3.9"
content-hash = "89af8c6ff738ac835ccae3dd6b2936bf5af3119891ee310f640fdda07ec59ba2"

[metadata.files]
numpy = []
